
Microsoft Visual Studio Solution File, Format Version 12.00
# Visual Studio Version 17
VisualStudioVersion = 17.6.33815.320
MinimumVisualStudioVersion = 10.0.40219.1
Project("{FAE04EC0-301F-11D3-BF4B-00C04F79EFBC}") = "DotnetSkills.MN.WebAPI", "DotnetSkills.MN.WebAPI\DotnetSkills.MN.WebAPI.csproj", "{B0AB7373-CC3E-4BF4-9F70-96F309389239}"
EndProject
Global
	GlobalSection(SolutionConfigurationPlatforms) = preSolution
		Debug|Any CPU = Debug|Any CPU
		Release|Any CPU = Release|Any CPU
	EndGlobalSection
	GlobalSection(ProjectConfigurationPlatforms) = postSolution
		{B0AB7373-CC3E-4BF4-9F70-96F309389239}.Debug|Any CPU.ActiveCfg = Debug|Any CPU
		{B0AB7373-CC3E-4BF4-9F70-96F309389239}.Debug|Any CPU.Build.0 = Debug|Any CPU
		{B0AB7373-CC3E-4BF4-9F70-96F309389239}.Release|Any CPU.ActiveCfg = Release|Any CPU
		{B0AB7373-CC3E-4BF4-9F70-96F309389239}.Release|Any CPU.Build.0 = Release|Any CPU
	EndGlobalSection
	GlobalSection(SolutionProperties) = preSolution
		HideSolutionNode = FALSE
	EndGlobalSection
	GlobalSection(ExtensibilityGlobals) = postSolution
		SolutionGuid = {C066E414-9172-4E2B-A2C8-83DA08410439}
	EndGlobalSection
EndGlobal
